
Microsoft Visual Studio Solution File, Format Version 12.00
# Visual Studio Version 17
VisualStudioVersion = 17.11.35312.102
MinimumVisualStudioVersion = 10.0.40219.1
Project("{8BC9CEB8-8B4A-11D0-8D11-00A0C91BC942}") = "Chap3_3-9_(1)", "Chap3_3-9_(1).vcxproj", "{39694D5D-7737-40A7-BC28-297E3E33F86E}"
EndProject
Global
	GlobalSection(SolutionConfigurationPlatforms) = preSolution
		Debug|x64 = Debug|x64
		Debug|x86 = Debug|x86
		Release|x64 = Release|x64
		Release|x86 = Release|x86
	EndGlobalSection
	GlobalSection(ProjectConfigurationPlatforms) = postSolution
		{39694D5D-7737-40A7-BC28-297E3E33F86E}.Debug|x64.ActiveCfg = Debug|x64
		{39694D5D-7737-40A7-BC28-297E3E33F86E}.Debug|x64.Build.0 = Debug|x64
		{39694D5D-7737-40A7-BC28-297E3E33F86E}.Debug|x86.ActiveCfg = Debug|Win32
		{39694D5D-7737-40A7-BC28-297E3E33F86E}.Debug|x86.Build.0 = Debug|Win32
		{39694D5D-7737-40A7-BC28-297E3E33F86E}.Release|x64.ActiveCfg = Release|x64
		{39694D5D-7737-40A7-BC28-297E3E33F86E}.Release|x64.Build.0 = Release|x64
		{39694D5D-7737-40A7-BC28-297E3E33F86E}.Release|x86.ActiveCfg = Release|Win32
		{39694D5D-7737-40A7-BC28-297E3E33F86E}.Release|x86.Build.0 = Release|Win32
	EndGlobalSection
	GlobalSection(SolutionProperties) = preSolution
		HideSolutionNode = FALSE
	EndGlobalSection
	GlobalSection(ExtensibilityGlobals) = postSolution
		SolutionGuid = {2A5E6913-6DAA-4AD2-902A-A31DA8310409}
	EndGlobalSection
EndGlobal
