
Microsoft Visual Studio Solution File, Format Version 12.00
# Visual Studio Version 17
VisualStudioVersion = 17.11.35312.102
MinimumVisualStudioVersion = 10.0.40219.1
Project("{8BC9CEB8-8B4A-11D0-8D11-00A0C91BC942}") = "Chap10_8", "Chap10_8.vcxproj", "{DEE4BFEA-4F62-46CF-AEB6-3C7A33453023}"
EndProject
Global
	GlobalSection(SolutionConfigurationPlatforms) = preSolution
		Debug|x64 = Debug|x64
		Debug|x86 = Debug|x86
		Release|x64 = Release|x64
		Release|x86 = Release|x86
	EndGlobalSection
	GlobalSection(ProjectConfigurationPlatforms) = postSolution
		{DEE4BFEA-4F62-46CF-AEB6-3C7A33453023}.Debug|x64.ActiveCfg = Debug|x64
		{DEE4BFEA-4F62-46CF-AEB6-3C7A33453023}.Debug|x64.Build.0 = Debug|x64
		{DEE4BFEA-4F62-46CF-AEB6-3C7A33453023}.Debug|x86.ActiveCfg = Debug|Win32
		{DEE4BFEA-4F62-46CF-AEB6-3C7A33453023}.Debug|x86.Build.0 = Debug|Win32
		{DEE4BFEA-4F62-46CF-AEB6-3C7A33453023}.Release|x64.ActiveCfg = Release|x64
		{DEE4BFEA-4F62-46CF-AEB6-3C7A33453023}.Release|x64.Build.0 = Release|x64
		{DEE4BFEA-4F62-46CF-AEB6-3C7A33453023}.Release|x86.ActiveCfg = Release|Win32
		{DEE4BFEA-4F62-46CF-AEB6-3C7A33453023}.Release|x86.Build.0 = Release|Win32
	EndGlobalSection
	GlobalSection(SolutionProperties) = preSolution
		HideSolutionNode = FALSE
	EndGlobalSection
	GlobalSection(ExtensibilityGlobals) = postSolution
		SolutionGuid = {B8CEA16F-6FBD-47AE-81EA-319EF2B7D49E}
	EndGlobalSection
EndGlobal
