
Microsoft Visual Studio Solution File, Format Version 12.00
# Visual Studio Version 17
VisualStudioVersion = 17.11.35312.102
MinimumVisualStudioVersion = 10.0.40219.1
Project("{8BC9CEB8-8B4A-11D0-8D11-00A0C91BC942}") = "Chap9_4", "Chap9_4.vcxproj", "{DC809FE9-0078-44A9-AAEF-C2C179978B8C}"
EndProject
Global
	GlobalSection(SolutionConfigurationPlatforms) = preSolution
		Debug|x64 = Debug|x64
		Debug|x86 = Debug|x86
		Release|x64 = Release|x64
		Release|x86 = Release|x86
	EndGlobalSection
	GlobalSection(ProjectConfigurationPlatforms) = postSolution
		{DC809FE9-0078-44A9-AAEF-C2C179978B8C}.Debug|x64.ActiveCfg = Debug|x64
		{DC809FE9-0078-44A9-AAEF-C2C179978B8C}.Debug|x64.Build.0 = Debug|x64
		{DC809FE9-0078-44A9-AAEF-C2C179978B8C}.Debug|x86.ActiveCfg = Debug|Win32
		{DC809FE9-0078-44A9-AAEF-C2C179978B8C}.Debug|x86.Build.0 = Debug|Win32
		{DC809FE9-0078-44A9-AAEF-C2C179978B8C}.Release|x64.ActiveCfg = Release|x64
		{DC809FE9-0078-44A9-AAEF-C2C179978B8C}.Release|x64.Build.0 = Release|x64
		{DC809FE9-0078-44A9-AAEF-C2C179978B8C}.Release|x86.ActiveCfg = Release|Win32
		{DC809FE9-0078-44A9-AAEF-C2C179978B8C}.Release|x86.Build.0 = Release|Win32
	EndGlobalSection
	GlobalSection(SolutionProperties) = preSolution
		HideSolutionNode = FALSE
	EndGlobalSection
	GlobalSection(ExtensibilityGlobals) = postSolution
		SolutionGuid = {2D83FF7C-6A31-4B45-959A-05231E897B4C}
	EndGlobalSection
EndGlobal
